
Microsoft Visual Studio Solution File, Format Version 12.00
# Visual Studio Version 17
VisualStudioVersion = 17.9.34902.65
MinimumVisualStudioVersion = 10.0.40219.1
Project("{9A19103F-16F7-4668-BE54-9A1E7A4F7556}") = "ConsoleApp01", "ConsoleApp01\ConsoleApp01.csproj", "{B03275F1-FB3D-4A35-A8A8-ACB99896BCD4}"
EndProject
Project("{9A19103F-16F7-4668-BE54-9A1E7A4F7556}") = "ConsoleApp02BeErrorH", "ConsoleApp02\ConsoleApp02BeErrorH.csproj", "{9C5FE46A-C5C9-493E-A682-EA2FDB41B5AA}"
EndProject
Project("{9A19103F-16F7-4668-BE54-9A1E7A4F7556}") = "ConsoleApp03F", "ConsoleApp03F\ConsoleApp03F.csproj", "{AAE9F755-446F-46C8-A1FA-B3F697D59E74}"
EndProject
Project("{9A19103F-16F7-4668-BE54-9A1E7A4F7556}") = "ConsoleApp04", "ConsoleApp04\ConsoleApp04.csproj", "{E6E4211A-3474-4D75-9536-78862465ED2A}"
EndProject
Project("{FAE04EC0-301F-11D3-BF4B-00C04F79EFBC}") = "ConsoleApp06 baigtas", "ConsoleApp06 baigtas\ConsoleApp06 baigtas.csproj", "{509A61E6-A6F5-404F-B09F-FEC016C964F1}"
EndProject
Global
	GlobalSection(SolutionConfigurationPlatforms) = preSolution
		Debug|Any CPU = Debug|Any CPU
		Release|Any CPU = Release|Any CPU
	EndGlobalSection
	GlobalSection(ProjectConfigurationPlatforms) = postSolution
		{B03275F1-FB3D-4A35-A8A8-ACB99896BCD4}.Debug|Any CPU.ActiveCfg = Debug|Any CPU
		{B03275F1-FB3D-4A35-A8A8-ACB99896BCD4}.Debug|Any CPU.Build.0 = Debug|Any CPU
		{B03275F1-FB3D-4A35-A8A8-ACB99896BCD4}.Release|Any CPU.ActiveCfg = Release|Any CPU
		{B03275F1-FB3D-4A35-A8A8-ACB99896BCD4}.Release|Any CPU.Build.0 = Release|Any CPU
		{9C5FE46A-C5C9-493E-A682-EA2FDB41B5AA}.Debug|Any CPU.ActiveCfg = Debug|Any CPU
		{9C5FE46A-C5C9-493E-A682-EA2FDB41B5AA}.Debug|Any CPU.Build.0 = Debug|Any CPU
		{9C5FE46A-C5C9-493E-A682-EA2FDB41B5AA}.Release|Any CPU.ActiveCfg = Release|Any CPU
		{9C5FE46A-C5C9-493E-A682-EA2FDB41B5AA}.Release|Any CPU.Build.0 = Release|Any CPU
		{AAE9F755-446F-46C8-A1FA-B3F697D59E74}.Debug|Any CPU.ActiveCfg = Debug|Any CPU
		{AAE9F755-446F-46C8-A1FA-B3F697D59E74}.Debug|Any CPU.Build.0 = Debug|Any CPU
		{AAE9F755-446F-46C8-A1FA-B3F697D59E74}.Release|Any CPU.ActiveCfg = Release|Any CPU
		{AAE9F755-446F-46C8-A1FA-B3F697D59E74}.Release|Any CPU.Build.0 = Release|Any CPU
		{E6E4211A-3474-4D75-9536-78862465ED2A}.Debug|Any CPU.ActiveCfg = Debug|Any CPU
		{E6E4211A-3474-4D75-9536-78862465ED2A}.Debug|Any CPU.Build.0 = Debug|Any CPU
		{E6E4211A-3474-4D75-9536-78862465ED2A}.Release|Any CPU.ActiveCfg = Release|Any CPU
		{E6E4211A-3474-4D75-9536-78862465ED2A}.Release|Any CPU.Build.0 = Release|Any CPU
		{509A61E6-A6F5-404F-B09F-FEC016C964F1}.Debug|Any CPU.ActiveCfg = Debug|Any CPU
		{509A61E6-A6F5-404F-B09F-FEC016C964F1}.Debug|Any CPU.Build.0 = Debug|Any CPU
		{509A61E6-A6F5-404F-B09F-FEC016C964F1}.Release|Any CPU.ActiveCfg = Release|Any CPU
		{509A61E6-A6F5-404F-B09F-FEC016C964F1}.Release|Any CPU.Build.0 = Release|Any CPU
	EndGlobalSection
	GlobalSection(SolutionProperties) = preSolution
		HideSolutionNode = FALSE
	EndGlobalSection
	GlobalSection(ExtensibilityGlobals) = postSolution
		SolutionGuid = {A16D4440-B86E-49E4-ACC4-C29449D95FD1}
	EndGlobalSection
EndGlobal
