
Microsoft Visual Studio Solution File, Format Version 12.00
# Visual Studio Version 17
VisualStudioVersion = 17.5.002.0
MinimumVisualStudioVersion = 10.0.40219.1
Project("{9A19103F-16F7-4668-BE54-9A1E7A4F7556}") = "ConsoleApp07", "ConsoleApp07.csproj", "{65973C0D-DDC5-4E51-9B0D-76B762C21029}"
EndProject
Global
	GlobalSection(SolutionConfigurationPlatforms) = preSolution
		Debug|Any CPU = Debug|Any CPU
		Release|Any CPU = Release|Any CPU
	EndGlobalSection
	GlobalSection(ProjectConfigurationPlatforms) = postSolution
		{65973C0D-DDC5-4E51-9B0D-76B762C21029}.Debug|Any CPU.ActiveCfg = Debug|Any CPU
		{65973C0D-DDC5-4E51-9B0D-76B762C21029}.Debug|Any CPU.Build.0 = Debug|Any CPU
		{65973C0D-DDC5-4E51-9B0D-76B762C21029}.Release|Any CPU.ActiveCfg = Release|Any CPU
		{65973C0D-DDC5-4E51-9B0D-76B762C21029}.Release|Any CPU.Build.0 = Release|Any CPU
	EndGlobalSection
	GlobalSection(SolutionProperties) = preSolution
		HideSolutionNode = FALSE
	EndGlobalSection
	GlobalSection(ExtensibilityGlobals) = postSolution
		SolutionGuid = {D87C6C0D-A36D-47EA-97FA-EFEFE8AA0511}
	EndGlobalSection
EndGlobal
